
Microsoft Visual Studio Solution File, Format Version 12.00
# Visual Studio 15
VisualStudioVersion = 15.0.28307.2092
MinimumVisualStudioVersion = 10.0.40219.1
Project("{FAE04EC0-301F-11D3-BF4B-00C04F79EFBC}") = "AspCoreSD", "AspCoreSD\AspCoreSD.csproj", "{7E8AD8A4-4FCC-4FDB-91C8-52F085B1BACA}"
EndProject
Global
	GlobalSection(SolutionConfigurationPlatforms) = preSolution
		Debug|Any CPU = Debug|Any CPU
		Release|Any CPU = Release|Any CPU
	EndGlobalSection
	GlobalSection(ProjectConfigurationPlatforms) = postSolution
		{7E8AD8A4-4FCC-4FDB-91C8-52F085B1BACA}.Debug|Any CPU.ActiveCfg = Debug|Any CPU
		{7E8AD8A4-4FCC-4FDB-91C8-52F085B1BACA}.Debug|Any CPU.Build.0 = Debug|Any CPU
		{7E8AD8A4-4FCC-4FDB-91C8-52F085B1BACA}.Release|Any CPU.ActiveCfg = Release|Any CPU
		{7E8AD8A4-4FCC-4FDB-91C8-52F085B1BACA}.Release|Any CPU.Build.0 = Release|Any CPU
	EndGlobalSection
	GlobalSection(SolutionProperties) = preSolution
		HideSolutionNode = FALSE
	EndGlobalSection
	GlobalSection(ExtensibilityGlobals) = postSolution
		SolutionGuid = {393D79AA-AD21-4F59-974E-7D67FC621A94}
	EndGlobalSection
EndGlobal
